// !$*UTF8*$!
{
	archiveVersion = 1;
	classes = {
	};
	objectVersion = 46;
	objects = {

/* Begin PBXBuildFile section */
		053CB34A1B06132200CCEFA5 /* AppDelegate.swift in Sources */ = {isa = PBXBuildFile; fileRef = 053CB3491B06132200CCEFA5 /* AppDelegate.swift */; };
		053CB34D1B06132200CCEFA5 /* OmniScientia.xcdatamodeld in Sources */ = {isa = PBXBuildFile; fileRef = 053CB34B1B06132200CCEFA5 /* OmniScientia.xcdatamodeld */; };
		053CB3541B06132200CCEFA5 /* Images.xcassets in Resources */ = {isa = PBXBuildFile; fileRef = 053CB3531B06132200CCEFA5 /* Images.xcassets */; };
		053CB3571B06132200CCEFA5 /* LaunchScreen.xib in Resources */ = {isa = PBXBuildFile; fileRef = 053CB3551B06132200CCEFA5 /* LaunchScreen.xib */; };
		05AABCD61B0E241300F26F45 /* CloudKitHelper.swift in Sources */ = {isa = PBXBuildFile; fileRef = 05AABCD51B0E241300F26F45 /* CloudKitHelper.swift */; };
		05AABCD81B0E2BA400F26F45 /* CloudKit.framework in Frameworks */ = {isa = PBXBuildFile; fileRef = 05AABCD71B0E2BA400F26F45 /* CloudKit.framework */; };
		05AABCDC1B13670300F26F45 /* usuario.storyboard in Resources */ = {isa = PBXBuildFile; fileRef = 5705A71B1B0E049D009368AD /* usuario.storyboard */; };
		05AABCDD1B1368B800F26F45 /* LoginViewController.swift in Sources */ = {isa = PBXBuildFile; fileRef = 05AABCD91B12BF1C00F26F45 /* LoginViewController.swift */; };
		05D049971B0BC321003F2127 /* CadastroTableViewController.swift in Sources */ = {isa = PBXBuildFile; fileRef = 05D049961B0BC321003F2127 /* CadastroTableViewController.swift */; };
		05F0EFD51B0B587C00784150 /* Audio.swift in Sources */ = {isa = PBXBuildFile; fileRef = 05F0EFD41B0B587C00784150 /* Audio.swift */; };
		05F0EFD71B0B589600784150 /* Video.swift in Sources */ = {isa = PBXBuildFile; fileRef = 05F0EFD61B0B589600784150 /* Video.swift */; };
		05F0EFD91B0B58A800784150 /* Imagem.swift in Sources */ = {isa = PBXBuildFile; fileRef = 05F0EFD81B0B58A800784150 /* Imagem.swift */; };
		05F0EFDB1B0B591000784150 /* Texto.swift in Sources */ = {isa = PBXBuildFile; fileRef = 05F0EFDA1B0B591000784150 /* Texto.swift */; };
		05F0EFDD1B0B591F00784150 /* Conteudo.swift in Sources */ = {isa = PBXBuildFile; fileRef = 05F0EFDC1B0B591F00784150 /* Conteudo.swift */; };
		05F0EFDF1B0B592B00784150 /* Pergunta.swift in Sources */ = {isa = PBXBuildFile; fileRef = 05F0EFDE1B0B592B00784150 /* Pergunta.swift */; };
		05F0EFE11B0B593A00784150 /* Historico.swift in Sources */ = {isa = PBXBuildFile; fileRef = 05F0EFE01B0B593A00784150 /* Historico.swift */; };
		05F0EFE31B0B594700784150 /* GrupoEstudo.swift in Sources */ = {isa = PBXBuildFile; fileRef = 05F0EFE21B0B594700784150 /* GrupoEstudo.swift */; };
		05F0EFE51B0B595A00784150 /* Categoria.swift in Sources */ = {isa = PBXBuildFile; fileRef = 05F0EFE41B0B595A00784150 /* Categoria.swift */; };
		05F0EFE71B0B5A2A00784150 /* Usuario.swift in Sources */ = {isa = PBXBuildFile; fileRef = 05F0EFE61B0B5A2A00784150 /* Usuario.swift */; };
		05F0EFE91B0B5EB100784150 /* Objetos.swift in Sources */ = {isa = PBXBuildFile; fileRef = 05F0EFE81B0B5EB100784150 /* Objetos.swift */; };
		251DBC5E1B0B7FD9009EC7EB /* NoticiasTableViewController.swift in Sources */ = {isa = PBXBuildFile; fileRef = 251DBC5C1B0B7FD9009EC7EB /* NoticiasTableViewController.swift */; };
		251DBC5F1B0B7FD9009EC7EB /* NovoConteudoViewController.swift in Sources */ = {isa = PBXBuildFile; fileRef = 251DBC5D1B0B7FD9009EC7EB /* NovoConteudoViewController.swift */; };
		251DBC621B0B8278009EC7EB /* ConteudosViewController.swift in Sources */ = {isa = PBXBuildFile; fileRef = 251DBC611B0B8278009EC7EB /* ConteudosViewController.swift */; };
		2574B1BB1B135B7300939909 /* UsuarioViewController.swift in Sources */ = {isa = PBXBuildFile; fileRef = 2574B1BA1B135B7300939909 /* UsuarioViewController.swift */; };
		25A768E61B0CB2C800D506C0 /* Main.storyboard in Resources */ = {isa = PBXBuildFile; fileRef = 053CB3501B06132200CCEFA5 /* Main.storyboard */; };
		5705A7111B0DFDBD009368AD /* ConteudoMOServiceTests.swift in Sources */ = {isa = PBXBuildFile; fileRef = 5705A7101B0DFDBD009368AD /* ConteudoMOServiceTests.swift */; };
		5705A7151B0E0461009368AD /* conteudo.storyboard in Resources */ = {isa = PBXBuildFile; fileRef = 5705A7131B0E0461009368AD /* conteudo.storyboard */; };
		5705A71A1B0E048E009368AD /* inicio.storyboard in Resources */ = {isa = PBXBuildFile; fileRef = 5705A7181B0E048E009368AD /* inicio.storyboard */; };
		5705A7241B0E1408009368AD /* MainTabBar.swift in Sources */ = {isa = PBXBuildFile; fileRef = 5705A7231B0E1408009368AD /* MainTabBar.swift */; };
		572DE1B41B0CA639008DB6F2 /* ConteudoMOService.swift in Sources */ = {isa = PBXBuildFile; fileRef = 572DE1B21B0CA639008DB6F2 /* ConteudoMOService.swift */; };
		572DE1B51B0CA639008DB6F2 /* CoreDataStack.swift in Sources */ = {isa = PBXBuildFile; fileRef = 572DE1B31B0CA639008DB6F2 /* CoreDataStack.swift */; };
		572DE1C11B0CA6F9008DB6F2 /* UsuarioMO.swift in Sources */ = {isa = PBXBuildFile; fileRef = 572DE1C01B0CA6F9008DB6F2 /* UsuarioMO.swift */; };
		572DE1C41B0CA809008DB6F2 /* UsuarioMOService.swift in Sources */ = {isa = PBXBuildFile; fileRef = 572DE1C31B0CA809008DB6F2 /* UsuarioMOService.swift */; };
		572DE2141B0D23AC008DB6F2 /* UsuarioMOServiceTests.swift in Sources */ = {isa = PBXBuildFile; fileRef = 572DE1D21B0CD478008DB6F2 /* UsuarioMOServiceTests.swift */; };
		57B088041B0F51AB005E0FD7 /* QuizMO.swift in Sources */ = {isa = PBXBuildFile; fileRef = 57B088031B0F51AB005E0FD7 /* QuizMO.swift */; };
		57B088061B0F51AB005E0FD7 /* TextoMO.swift in Sources */ = {isa = PBXBuildFile; fileRef = 57B088051B0F51AB005E0FD7 /* TextoMO.swift */; };
		57B088081B0F51AB005E0FD7 /* LearningObjectMO.swift in Sources */ = {isa = PBXBuildFile; fileRef = 57B088071B0F51AB005E0FD7 /* LearningObjectMO.swift */; };
		57B0880A1B0F51AB005E0FD7 /* ImageMO.swift in Sources */ = {isa = PBXBuildFile; fileRef = 57B088091B0F51AB005E0FD7 /* ImageMO.swift */; };
		57BF350A1B13636E00685BE4 /* ConteudoMO.swift in Sources */ = {isa = PBXBuildFile; fileRef = 57B0880B1B0F521E005E0FD7 /* ConteudoMO.swift */; };
/* End PBXBuildFile section */

/* Begin PBXContainerItemProxy section */
		572DE2111B0D204E008DB6F2 /* PBXContainerItemProxy */ = {
			isa = PBXContainerItemProxy;
			containerPortal = 053CB33C1B06132200CCEFA5 /* Project object */;
			proxyType = 1;
			remoteGlobalIDString = 053CB3431B06132200CCEFA5;
			remoteInfo = OmniScientia;
		};
/* End PBXContainerItemProxy section */

/* Begin PBXFileReference section */
		053CB3441B06132200CCEFA5 /* OmniScientia.app */ = {isa = PBXFileReference; explicitFileType = wrapper.application; includeInIndex = 0; path = OmniScientia.app; sourceTree = BUILT_PRODUCTS_DIR; };
		053CB3481B06132200CCEFA5 /* Info.plist */ = {isa = PBXFileReference; lastKnownFileType = text.plist.xml; path = Info.plist; sourceTree = "<group>"; };
		053CB3491B06132200CCEFA5 /* AppDelegate.swift */ = {isa = PBXFileReference; lastKnownFileType = sourcecode.swift; path = AppDelegate.swift; sourceTree = "<group>"; };
		053CB34C1B06132200CCEFA5 /* OmniScientia.xcdatamodel */ = {isa = PBXFileReference; lastKnownFileType = wrapper.xcdatamodel; path = OmniScientia.xcdatamodel; sourceTree = "<group>"; };
		053CB3511B06132200CCEFA5 /* Base */ = {isa = PBXFileReference; lastKnownFileType = file.storyboard; name = Base; path = Base.lproj/Main.storyboard; sourceTree = "<group>"; };
		053CB3531B06132200CCEFA5 /* Images.xcassets */ = {isa = PBXFileReference; lastKnownFileType = folder.assetcatalog; path = Images.xcassets; sourceTree = "<group>"; };
		053CB3561B06132200CCEFA5 /* Base */ = {isa = PBXFileReference; lastKnownFileType = file.xib; name = Base; path = Base.lproj/LaunchScreen.xib; sourceTree = "<group>"; };
		053CB35C1B06132200CCEFA5 /* OmniScientiaTests.xctest */ = {isa = PBXFileReference; explicitFileType = wrapper.cfbundle; includeInIndex = 0; path = OmniScientiaTests.xctest; sourceTree = BUILT_PRODUCTS_DIR; };
		053CB3611B06132200CCEFA5 /* Info.plist */ = {isa = PBXFileReference; lastKnownFileType = text.plist.xml; path = Info.plist; sourceTree = "<group>"; };
		05AABCD51B0E241300F26F45 /* CloudKitHelper.swift */ = {isa = PBXFileReference; fileEncoding = 4; lastKnownFileType = sourcecode.swift; path = CloudKitHelper.swift; sourceTree = "<group>"; };
		05AABCD71B0E2BA400F26F45 /* CloudKit.framework */ = {isa = PBXFileReference; lastKnownFileType = wrapper.framework; name = CloudKit.framework; path = System/Library/Frameworks/CloudKit.framework; sourceTree = SDKROOT; };
		05AABCD91B12BF1C00F26F45 /* LoginViewController.swift */ = {isa = PBXFileReference; fileEncoding = 4; lastKnownFileType = sourcecode.swift; path = LoginViewController.swift; sourceTree = "<group>"; };
		05D049961B0BC321003F2127 /* CadastroTableViewController.swift */ = {isa = PBXFileReference; fileEncoding = 4; lastKnownFileType = sourcecode.swift; path = CadastroTableViewController.swift; sourceTree = "<group>"; };
		05F0EFCF1B0A125800784150 /* OmniScientia.entitlements */ = {isa = PBXFileReference; lastKnownFileType = text.xml; path = OmniScientia.entitlements; sourceTree = "<group>"; };
		05F0EFD41B0B587C00784150 /* Audio.swift */ = {isa = PBXFileReference; fileEncoding = 4; lastKnownFileType = sourcecode.swift; name = Audio.swift; path = ../Audio.swift; sourceTree = "<group>"; };
		05F0EFD61B0B589600784150 /* Video.swift */ = {isa = PBXFileReference; fileEncoding = 4; lastKnownFileType = sourcecode.swift; name = Video.swift; path = ../Video.swift; sourceTree = "<group>"; };
		05F0EFD81B0B58A800784150 /* Imagem.swift */ = {isa = PBXFileReference; fileEncoding = 4; lastKnownFileType = sourcecode.swift; name = Imagem.swift; path = ../Imagem.swift; sourceTree = "<group>"; };
		05F0EFDA1B0B591000784150 /* Texto.swift */ = {isa = PBXFileReference; fileEncoding = 4; lastKnownFileType = sourcecode.swift; name = Texto.swift; path = ../Texto.swift; sourceTree = "<group>"; };
		05F0EFDC1B0B591F00784150 /* Conteudo.swift */ = {isa = PBXFileReference; fileEncoding = 4; lastKnownFileType = sourcecode.swift; name = Conteudo.swift; path = ../Conteudo.swift; sourceTree = "<group>"; };
		05F0EFDE1B0B592B00784150 /* Pergunta.swift */ = {isa = PBXFileReference; fileEncoding = 4; lastKnownFileType = sourcecode.swift; name = Pergunta.swift; path = ../Pergunta.swift; sourceTree = "<group>"; };
		05F0EFE01B0B593A00784150 /* Historico.swift */ = {isa = PBXFileReference; fileEncoding = 4; lastKnownFileType = sourcecode.swift; name = Historico.swift; path = ../Historico.swift; sourceTree = "<group>"; };
		05F0EFE21B0B594700784150 /* GrupoEstudo.swift */ = {isa = PBXFileReference; fileEncoding = 4; lastKnownFileType = sourcecode.swift; name = GrupoEstudo.swift; path = ../GrupoEstudo.swift; sourceTree = "<group>"; };
		05F0EFE41B0B595A00784150 /* Categoria.swift */ = {isa = PBXFileReference; fileEncoding = 4; lastKnownFileType = sourcecode.swift; name = Categoria.swift; path = ../Categoria.swift; sourceTree = "<group>"; };
		05F0EFE61B0B5A2A00784150 /* Usuario.swift */ = {isa = PBXFileReference; fileEncoding = 4; lastKnownFileType = sourcecode.swift; name = Usuario.swift; path = ../Usuario.swift; sourceTree = "<group>"; };
		05F0EFE81B0B5EB100784150 /* Objetos.swift */ = {isa = PBXFileReference; fileEncoding = 4; lastKnownFileType = sourcecode.swift; name = Objetos.swift; path = ../Objetos.swift; sourceTree = "<group>"; };
		251DBC5C1B0B7FD9009EC7EB /* NoticiasTableViewController.swift */ = {isa = PBXFileReference; fileEncoding = 4; lastKnownFileType = sourcecode.swift; path = NoticiasTableViewController.swift; sourceTree = "<group>"; };
		251DBC5D1B0B7FD9009EC7EB /* NovoConteudoViewController.swift */ = {isa = PBXFileReference; fileEncoding = 4; lastKnownFileType = sourcecode.swift; path = NovoConteudoViewController.swift; sourceTree = "<group>"; };
		251DBC611B0B8278009EC7EB /* ConteudosViewController.swift */ = {isa = PBXFileReference; fileEncoding = 4; lastKnownFileType = sourcecode.swift; path = ConteudosViewController.swift; sourceTree = "<group>"; };
		2574B1BA1B135B7300939909 /* UsuarioViewController.swift */ = {isa = PBXFileReference; fileEncoding = 4; lastKnownFileType = sourcecode.swift; path = UsuarioViewController.swift; sourceTree = "<group>"; };
		5705A7101B0DFDBD009368AD /* ConteudoMOServiceTests.swift */ = {isa = PBXFileReference; fileEncoding = 4; lastKnownFileType = sourcecode.swift; path = ConteudoMOServiceTests.swift; sourceTree = "<group>"; };
		5705A7141B0E0461009368AD /* Base */ = {isa = PBXFileReference; lastKnownFileType = file.storyboard; name = Base; path = Base.lproj/conteudo.storyboard; sourceTree = "<group>"; };
		5705A7191B0E048E009368AD /* Base */ = {isa = PBXFileReference; lastKnownFileType = file.storyboard; name = Base; path = Base.lproj/inicio.storyboard; sourceTree = "<group>"; };
		5705A71B1B0E049D009368AD /* usuario.storyboard */ = {isa = PBXFileReference; fileEncoding = 4; lastKnownFileType = file.storyboard; path = usuario.storyboard; sourceTree = "<group>"; };
		5705A7231B0E1408009368AD /* MainTabBar.swift */ = {isa = PBXFileReference; fileEncoding = 4; lastKnownFileType = sourcecode.swift; path = MainTabBar.swift; sourceTree = "<group>"; };
		572DE1B21B0CA639008DB6F2 /* ConteudoMOService.swift */ = {isa = PBXFileReference; fileEncoding = 4; lastKnownFileType = sourcecode.swift; path = ConteudoMOService.swift; sourceTree = "<group>"; };
		572DE1B31B0CA639008DB6F2 /* CoreDataStack.swift */ = {isa = PBXFileReference; fileEncoding = 4; lastKnownFileType = sourcecode.swift; path = CoreDataStack.swift; sourceTree = "<group>"; };
		572DE1C01B0CA6F9008DB6F2 /* UsuarioMO.swift */ = {isa = PBXFileReference; fileEncoding = 4; lastKnownFileType = sourcecode.swift; name = UsuarioMO.swift; path = ../UsuarioMO.swift; sourceTree = "<group>"; };
		572DE1C31B0CA809008DB6F2 /* UsuarioMOService.swift */ = {isa = PBXFileReference; fileEncoding = 4; lastKnownFileType = sourcecode.swift; path = UsuarioMOService.swift; sourceTree = "<group>"; };
		572DE1D21B0CD478008DB6F2 /* UsuarioMOServiceTests.swift */ = {isa = PBXFileReference; fileEncoding = 4; lastKnownFileType = sourcecode.swift; path = UsuarioMOServiceTests.swift; sourceTree = "<group>"; };
		57B088031B0F51AB005E0FD7 /* QuizMO.swift */ = {isa = PBXFileReference; fileEncoding = 4; lastKnownFileType = sourcecode.swift; path = QuizMO.swift; sourceTree = "<group>"; };
		57B088051B0F51AB005E0FD7 /* TextoMO.swift */ = {isa = PBXFileReference; fileEncoding = 4; lastKnownFileType = sourcecode.swift; path = TextoMO.swift; sourceTree = "<group>"; };
		57B088071B0F51AB005E0FD7 /* LearningObjectMO.swift */ = {isa = PBXFileReference; fileEncoding = 4; lastKnownFileType = sourcecode.swift; path = LearningObjectMO.swift; sourceTree = "<group>"; };
		57B088091B0F51AB005E0FD7 /* ImageMO.swift */ = {isa = PBXFileReference; fileEncoding = 4; lastKnownFileType = sourcecode.swift; path = ImageMO.swift; sourceTree = "<group>"; };
		57B0880B1B0F521E005E0FD7 /* ConteudoMO.swift */ = {isa = PBXFileReference; fileEncoding = 4; lastKnownFileType = sourcecode.swift; name = ConteudoMO.swift; path = ../ConteudoMO.swift; sourceTree = "<group>"; };
/* End PBXFileReference section */

/* Begin PBXFrameworksBuildPhase section */
		053CB3411B06132200CCEFA5 /* Frameworks */ = {
			isa = PBXFrameworksBuildPhase;
			buildActionMask = 2147483647;
			files = (
				05AABCD81B0E2BA400F26F45 /* CloudKit.framework in Frameworks */,
			);
			runOnlyForDeploymentPostprocessing = 0;
		};
		053CB3591B06132200CCEFA5 /* Frameworks */ = {
			isa = PBXFrameworksBuildPhase;
			buildActionMask = 2147483647;
			files = (
			);
			runOnlyForDeploymentPostprocessing = 0;
		};
/* End PBXFrameworksBuildPhase section */

/* Begin PBXGroup section */
		053CB33B1B06132200CCEFA5 = {
			isa = PBXGroup;
			children = (
				05AABCD71B0E2BA400F26F45 /* CloudKit.framework */,
				053CB3461B06132200CCEFA5 /* OmniScientia */,
				053CB35F1B06132200CCEFA5 /* OmniScientiaTests */,
				053CB3451B06132200CCEFA5 /* Products */,
			);
			sourceTree = "<group>";
		};
		053CB3451B06132200CCEFA5 /* Products */ = {
			isa = PBXGroup;
			children = (
				053CB3441B06132200CCEFA5 /* OmniScientia.app */,
				053CB35C1B06132200CCEFA5 /* OmniScientiaTests.xctest */,
			);
			name = Products;
			sourceTree = "<group>";
		};
		053CB3461B06132200CCEFA5 /* OmniScientia */ = {
			isa = PBXGroup;
			children = (
				5705A7121B0E042A009368AD /* Interfaces de Usuario */,
				572DE1C21B0CA706008DB6F2 /* CoreData */,
				053CB3491B06132200CCEFA5 /* AppDelegate.swift */,
				053CB3551B06132200CCEFA5 /* LaunchScreen.xib */,
				05F0EFCF1B0A125800784150 /* OmniScientia.entitlements */,
				053CB34B1B06132200CCEFA5 /* OmniScientia.xcdatamodeld */,
				251DBC5B1B0B7F79009EC7EB /* Modelos */,
				053CB3531B06132200CCEFA5 /* Images.xcassets */,
				053CB3471B06132200CCEFA5 /* Supporting Files */,
			);
			path = OmniScientia;
			sourceTree = "<group>";
		};
		053CB3471B06132200CCEFA5 /* Supporting Files */ = {
			isa = PBXGroup;
			children = (
				053CB3481B06132200CCEFA5 /* Info.plist */,
			);
			name = "Supporting Files";
			sourceTree = "<group>";
		};
		053CB35F1B06132200CCEFA5 /* OmniScientiaTests */ = {
			isa = PBXGroup;
			children = (
				053CB3601B06132200CCEFA5 /* Supporting Files */,
				572DE1D21B0CD478008DB6F2 /* UsuarioMOServiceTests.swift */,
				5705A7101B0DFDBD009368AD /* ConteudoMOServiceTests.swift */,
			);
			path = OmniScientiaTests;
			sourceTree = "<group>";
		};
		053CB3601B06132200CCEFA5 /* Supporting Files */ = {
			isa = PBXGroup;
			children = (
				053CB3611B06132200CCEFA5 /* Info.plist */,
			);
			name = "Supporting Files";
			sourceTree = "<group>";
		};
		251DBC5B1B0B7F79009EC7EB /* Modelos */ = {
			isa = PBXGroup;
			children = (
				05F0EFE81B0B5EB100784150 /* Objetos.swift */,
				05F0EFE61B0B5A2A00784150 /* Usuario.swift */,
				05F0EFE41B0B595A00784150 /* Categoria.swift */,
				05F0EFE21B0B594700784150 /* GrupoEstudo.swift */,
				05F0EFE01B0B593A00784150 /* Historico.swift */,
				05F0EFDE1B0B592B00784150 /* Pergunta.swift */,
				05F0EFDC1B0B591F00784150 /* Conteudo.swift */,
				05F0EFDA1B0B591000784150 /* Texto.swift */,
				05F0EFD81B0B58A800784150 /* Imagem.swift */,
				05F0EFD61B0B589600784150 /* Video.swift */,
				05F0EFD41B0B587C00784150 /* Audio.swift */,
				05AABCD51B0E241300F26F45 /* CloudKitHelper.swift */,
			);
			name = Modelos;
			sourceTree = "<group>";
		};
		5705A7121B0E042A009368AD /* Interfaces de Usuario */ = {
			isa = PBXGroup;
			children = (
				5705A71E1B0E05F3009368AD /* Main */,
				5705A7171B0E047F009368AD /* Inicio */,
				5705A7161B0E0467009368AD /* Conteudo */,
				5705A71D1B0E04A4009368AD /* Usuario */,
			);
			name = "Interfaces de Usuario";
			sourceTree = "<group>";
		};
		5705A7161B0E0467009368AD /* Conteudo */ = {
			isa = PBXGroup;
			children = (
				5705A7131B0E0461009368AD /* conteudo.storyboard */,
				251DBC5D1B0B7FD9009EC7EB /* NovoConteudoViewController.swift */,
				251DBC611B0B8278009EC7EB /* ConteudosViewController.swift */,
			);
			name = Conteudo;
			sourceTree = "<group>";
		};
		5705A7171B0E047F009368AD /* Inicio */ = {
			isa = PBXGroup;
			children = (
				5705A7181B0E048E009368AD /* inicio.storyboard */,
				251DBC5C1B0B7FD9009EC7EB /* NoticiasTableViewController.swift */,
			);
			name = Inicio;
			sourceTree = "<group>";
		};
		5705A71D1B0E04A4009368AD /* Usuario */ = {
			isa = PBXGroup;
			children = (
				5705A71B1B0E049D009368AD /* usuario.storyboard */,
				05D049961B0BC321003F2127 /* CadastroTableViewController.swift */,
				05AABCD91B12BF1C00F26F45 /* LoginViewController.swift */,
				2574B1BA1B135B7300939909 /* UsuarioViewController.swift */,
			);
			name = Usuario;
			sourceTree = "<group>";
		};
		5705A71E1B0E05F3009368AD /* Main */ = {
			isa = PBXGroup;
			children = (
				053CB3501B06132200CCEFA5 /* Main.storyboard */,
				5705A7231B0E1408009368AD /* MainTabBar.swift */,
			);
			name = Main;
			sourceTree = "<group>";
		};
		572DE1C21B0CA706008DB6F2 /* CoreData */ = {
			isa = PBXGroup;
			children = (
				572DE1B31B0CA639008DB6F2 /* CoreDataStack.swift */,
				57B088091B0F51AB005E0FD7 /* ImageMO.swift */,
				57B0880B1B0F521E005E0FD7 /* ConteudoMO.swift */,
				57B088071B0F51AB005E0FD7 /* LearningObjectMO.swift */,
				57B088051B0F51AB005E0FD7 /* TextoMO.swift */,
				57B088031B0F51AB005E0FD7 /* QuizMO.swift */,
				572DE1B21B0CA639008DB6F2 /* ConteudoMOService.swift */,
				572DE1C01B0CA6F9008DB6F2 /* UsuarioMO.swift */,
				572DE1C31B0CA809008DB6F2 /* UsuarioMOService.swift */,
			);
			name = CoreData;
			sourceTree = "<group>";
		};
/* End PBXGroup section */

/* Begin PBXNativeTarget section */
		053CB3431B06132200CCEFA5 /* OmniScientia */ = {
			isa = PBXNativeTarget;
			buildConfigurationList = 053CB3661B06132200CCEFA5 /* Build configuration list for PBXNativeTarget "OmniScientia" */;
			buildPhases = (
				053CB3401B06132200CCEFA5 /* Sources */,
				053CB3411B06132200CCEFA5 /* Frameworks */,
				053CB3421B06132200CCEFA5 /* Resources */,
			);
			buildRules = (
			);
			dependencies = (
			);
			name = OmniScientia;
			productName = OmniScientia;
			productReference = 053CB3441B06132200CCEFA5 /* OmniScientia.app */;
			productType = "com.apple.product-type.application";
		};
		053CB35B1B06132200CCEFA5 /* OmniScientiaTests */ = {
			isa = PBXNativeTarget;
			buildConfigurationList = 053CB3691B06132200CCEFA5 /* Build configuration list for PBXNativeTarget "OmniScientiaTests" */;
			buildPhases = (
				053CB3581B06132200CCEFA5 /* Sources */,
				053CB3591B06132200CCEFA5 /* Frameworks */,
				053CB35A1B06132200CCEFA5 /* Resources */,
			);
			buildRules = (
			);
			dependencies = (
				572DE2121B0D204E008DB6F2 /* PBXTargetDependency */,
			);
			name = OmniScientiaTests;
			productName = OmniScientiaTests;
			productReference = 053CB35C1B06132200CCEFA5 /* OmniScientiaTests.xctest */;
			productType = "com.apple.product-type.bundle.unit-test";
		};
/* End PBXNativeTarget section */

/* Begin PBXProject section */
		053CB33C1B06132200CCEFA5 /* Project object */ = {
			isa = PBXProject;
			attributes = {
				LastUpgradeCheck = 0630;
				ORGANIZATIONNAME = "Mariana Alvarez";
				TargetAttributes = {
					053CB3431B06132200CCEFA5 = {
						CreatedOnToolsVersion = 6.3;
						DevelopmentTeam = T6LWGN6HAV;
						SystemCapabilities = {
							com.apple.GameCenter = {
								enabled = 0;
							};
							com.apple.iCloud = {
								enabled = 1;
							};
						};
					};
					053CB35B1B06132200CCEFA5 = {
						CreatedOnToolsVersion = 6.3;
						DevelopmentTeam = T6LWGN6HAV;
						TestTargetID = 053CB3431B06132200CCEFA5;
					};
				};
			};
			buildConfigurationList = 053CB33F1B06132200CCEFA5 /* Build configuration list for PBXProject "OmniScientia" */;
			compatibilityVersion = "Xcode 3.2";
			developmentRegion = English;
			hasScannedForEncodings = 0;
			knownRegions = (
				en,
				Base,
			);
			mainGroup = 053CB33B1B06132200CCEFA5;
			productRefGroup = 053CB3451B06132200CCEFA5 /* Products */;
			projectDirPath = "";
			projectRoot = "";
			targets = (
				053CB3431B06132200CCEFA5 /* OmniScientia */,
				053CB35B1B06132200CCEFA5 /* OmniScientiaTests */,
			);
		};
/* End PBXProject section */

/* Begin PBXResourcesBuildPhase section */
		053CB3421B06132200CCEFA5 /* Resources */ = {
			isa = PBXResourcesBuildPhase;
			buildActionMask = 2147483647;
			files = (
				25A768E61B0CB2C800D506C0 /* Main.storyboard in Resources */,
				05AABCDC1B13670300F26F45 /* usuario.storyboard in Resources */,
				053CB3571B06132200CCEFA5 /* LaunchScreen.xib in Resources */,
				053CB3541B06132200CCEFA5 /* Images.xcassets in Resources */,
				5705A71A1B0E048E009368AD /* inicio.storyboard in Resources */,
				5705A7151B0E0461009368AD /* conteudo.storyboard in Resources */,
			);
			runOnlyForDeploymentPostprocessing = 0;
		};
		053CB35A1B06132200CCEFA5 /* Resources */ = {
			isa = PBXResourcesBuildPhase;
			buildActionMask = 2147483647;
			files = (
			);
			runOnlyForDeploymentPostprocessing = 0;
		};
/* End PBXResourcesBuildPhase section */

/* Begin PBXSourcesBuildPhase section */
		053CB3401B06132200CCEFA5 /* Sources */ = {
			isa = PBXSourcesBuildPhase;
			buildActionMask = 2147483647;
			files = (
				57B088081B0F51AB005E0FD7 /* LearningObjectMO.swift in Sources */,
				05F0EFE91B0B5EB100784150 /* Objetos.swift in Sources */,
				57B088061B0F51AB005E0FD7 /* TextoMO.swift in Sources */,
				05F0EFE11B0B593A00784150 /* Historico.swift in Sources */,
				57B0880A1B0F51AB005E0FD7 /* ImageMO.swift in Sources */,
				05F0EFD71B0B589600784150 /* Video.swift in Sources */,
				05AABCD61B0E241300F26F45 /* CloudKitHelper.swift in Sources */,
				05F0EFDB1B0B591000784150 /* Texto.swift in Sources */,
				57B088041B0F51AB005E0FD7 /* QuizMO.swift in Sources */,
				05F0EFE51B0B595A00784150 /* Categoria.swift in Sources */,
				251DBC5E1B0B7FD9009EC7EB /* NoticiasTableViewController.swift in Sources */,
				05F0EFE71B0B5A2A00784150 /* Usuario.swift in Sources */,
				572DE1C41B0CA809008DB6F2 /* UsuarioMOService.swift in Sources */,
				05F0EFE31B0B594700784150 /* GrupoEstudo.swift in Sources */,
				572DE1B51B0CA639008DB6F2 /* CoreDataStack.swift in Sources */,
				5705A7241B0E1408009368AD /* MainTabBar.swift in Sources */,
				57BF350A1B13636E00685BE4 /* ConteudoMO.swift in Sources */,
				572DE1B41B0CA639008DB6F2 /* ConteudoMOService.swift in Sources */,
				05AABCDD1B1368B800F26F45 /* LoginViewController.swift in Sources */,
				05F0EFDD1B0B591F00784150 /* Conteudo.swift in Sources */,
				251DBC5F1B0B7FD9009EC7EB /* NovoConteudoViewController.swift in Sources */,
				05D049971B0BC321003F2127 /* CadastroTableViewController.swift in Sources */,
				053CB34D1B06132200CCEFA5 /* OmniScientia.xcdatamodeld in Sources */,
				053CB34A1B06132200CCEFA5 /* AppDelegate.swift in Sources */,
				05F0EFD91B0B58A800784150 /* Imagem.swift in Sources */,
				05F0EFD51B0B587C00784150 /* Audio.swift in Sources */,
				05F0EFDF1B0B592B00784150 /* Pergunta.swift in Sources */,
				2574B1BB1B135B7300939909 /* UsuarioViewController.swift in Sources */,
				572DE1C11B0CA6F9008DB6F2 /* UsuarioMO.swift in Sources */,
				251DBC621B0B8278009EC7EB /* ConteudosViewController.swift in Sources */,
			);
			runOnlyForDeploymentPostprocessing = 0;
		};
		053CB3581B06132200CCEFA5 /* Sources */ = {
			isa = PBXSourcesBuildPhase;
			buildActionMask = 2147483647;
			files = (
				5705A7111B0DFDBD009368AD /* ConteudoMOServiceTests.swift in Sources */,
				572DE2141B0D23AC008DB6F2 /* UsuarioMOServiceTests.swift in Sources */,
			);
			runOnlyForDeploymentPostprocessing = 0;
		};
/* End PBXSourcesBuildPhase section */

/* Begin PBXTargetDependency section */
		572DE2121B0D204E008DB6F2 /* PBXTargetDependency */ = {
			isa = PBXTargetDependency;
			target = 053CB3431B06132200CCEFA5 /* OmniScientia */;
			targetProxy = 572DE2111B0D204E008DB6F2 /* PBXContainerItemProxy */;
		};
/* End PBXTargetDependency section */

/* Begin PBXVariantGroup section */
		053CB3501B06132200CCEFA5 /* Main.storyboard */ = {
			isa = PBXVariantGroup;
			children = (
				053CB3511B06132200CCEFA5 /* Base */,
			);
			name = Main.storyboard;
			sourceTree = "<group>";
		};
		053CB3551B06132200CCEFA5 /* LaunchScreen.xib */ = {
			isa = PBXVariantGroup;
			children = (
				053CB3561B06132200CCEFA5 /* Base */,
			);
			name = LaunchScreen.xib;
			sourceTree = "<group>";
		};
		5705A7131B0E0461009368AD /* conteudo.storyboard */ = {
			isa = PBXVariantGroup;
			children = (
				5705A7141B0E0461009368AD /* Base */,
			);
			name = conteudo.storyboard;
			sourceTree = "<group>";
		};
		5705A7181B0E048E009368AD /* inicio.storyboard */ = {
			isa = PBXVariantGroup;
			children = (
				5705A7191B0E048E009368AD /* Base */,
			);
			name = inicio.storyboard;
			sourceTree = "<group>";
		};
/* End PBXVariantGroup section */

/* Begin XCBuildConfiguration section */
		053CB3641B06132200CCEFA5 /* Debug */ = {
			isa = XCBuildConfiguration;
			buildSettings = {
				ALWAYS_SEARCH_USER_PATHS = NO;
				CLANG_CXX_LANGUAGE_STANDARD = "gnu++0x";
				CLANG_CXX_LIBRARY = "libc++";
				CLANG_ENABLE_MODULES = YES;
				CLANG_ENABLE_OBJC_ARC = YES;
				CLANG_WARN_BOOL_CONVERSION = YES;
				CLANG_WARN_CONSTANT_CONVERSION = YES;
				CLANG_WARN_DIRECT_OBJC_ISA_USAGE = YES_ERROR;
				CLANG_WARN_EMPTY_BODY = YES;
				CLANG_WARN_ENUM_CONVERSION = YES;
				CLANG_WARN_INT_CONVERSION = YES;
				CLANG_WARN_OBJC_ROOT_CLASS = YES_ERROR;
				CLANG_WARN_UNREACHABLE_CODE = YES;
				CLANG_WARN__DUPLICATE_METHOD_MATCH = YES;
				"CODE_SIGN_IDENTITY[sdk=iphoneos*]" = "iPhone Developer";
				COPY_PHASE_STRIP = NO;
				DEBUG_INFORMATION_FORMAT = "dwarf-with-dsym";
				ENABLE_STRICT_OBJC_MSGSEND = YES;
				GCC_C_LANGUAGE_STANDARD = gnu99;
				GCC_DYNAMIC_NO_PIC = NO;
				GCC_NO_COMMON_BLOCKS = YES;
				GCC_OPTIMIZATION_LEVEL = 0;
				GCC_PREPROCESSOR_DEFINITIONS = (
					"DEBUG=1",
					"$(inherited)",
				);
				GCC_SYMBOLS_PRIVATE_EXTERN = NO;
				GCC_WARN_64_TO_32_BIT_CONVERSION = YES;
				GCC_WARN_ABOUT_RETURN_TYPE = YES_ERROR;
				GCC_WARN_UNDECLARED_SELECTOR = YES;
				GCC_WARN_UNINITIALIZED_AUTOS = YES_AGGRESSIVE;
				GCC_WARN_UNUSED_FUNCTION = YES;
				GCC_WARN_UNUSED_VARIABLE = YES;
				IPHONEOS_DEPLOYMENT_TARGET = 8.3;
				MTL_ENABLE_DEBUG_INFO = YES;
				ONLY_ACTIVE_ARCH = YES;
				SDKROOT = iphoneos;
				SWIFT_OPTIMIZATION_LEVEL = "-Onone";
				TARGETED_DEVICE_FAMILY = "1,2";
			};
			name = Debug;
		};
		053CB3651B06132200CCEFA5 /* Release */ = {
			isa = XCBuildConfiguration;
			buildSettings = {
				ALWAYS_SEARCH_USER_PATHS = NO;
				CLANG_CXX_LANGUAGE_STANDARD = "gnu++0x";
				CLANG_CXX_LIBRARY = "libc++";
				CLANG_ENABLE_MODULES = YES;
				CLANG_ENABLE_OBJC_ARC = YES;
				CLANG_WARN_BOOL_CONVERSION = YES;
				CLANG_WARN_CONSTANT_CONVERSION = YES;
				CLANG_WARN_DIRECT_OBJC_ISA_USAGE = YES_ERROR;
				CLANG_WARN_EMPTY_BODY = YES;
				CLANG_WARN_ENUM_CONVERSION = YES;
				CLANG_WARN_INT_CONVERSION = YES;
				CLANG_WARN_OBJC_ROOT_CLASS = YES_ERROR;
				CLANG_WARN_UNREACHABLE_CODE = YES;
				CLANG_WARN__DUPLICATE_METHOD_MATCH = YES;
				"CODE_SIGN_IDENTITY[sdk=iphoneos*]" = "iPhone Developer";
				COPY_PHASE_STRIP = NO;
				DEBUG_INFORMATION_FORMAT = "dwarf-with-dsym";
				ENABLE_NS_ASSERTIONS = NO;
				ENABLE_STRICT_OBJC_MSGSEND = YES;
				GCC_C_LANGUAGE_STANDARD = gnu99;
				GCC_NO_COMMON_BLOCKS = YES;
				GCC_WARN_64_TO_32_BIT_CONVERSION = YES;
				GCC_WARN_ABOUT_RETURN_TYPE = YES_ERROR;
				GCC_WARN_UNDECLARED_SELECTOR = YES;
				GCC_WARN_UNINITIALIZED_AUTOS = YES_AGGRESSIVE;
				GCC_WARN_UNUSED_FUNCTION = YES;
				GCC_WARN_UNUSED_VARIABLE = YES;
				IPHONEOS_DEPLOYMENT_TARGET = 8.3;
				MTL_ENABLE_DEBUG_INFO = NO;
				SDKROOT = iphoneos;
				TARGETED_DEVICE_FAMILY = "1,2";
				VALIDATE_PRODUCT = YES;
			};
			name = Release;
		};
		053CB3671B06132200CCEFA5 /* Debug */ = {
			isa = XCBuildConfiguration;
			buildSettings = {
				ASSETCATALOG_COMPILER_APPICON_NAME = AppIcon;
				CODE_SIGN_ENTITLEMENTS = OmniScientia/OmniScientia.entitlements;
				CODE_SIGN_IDENTITY = "iPhone Developer";
				"CODE_SIGN_IDENTITY[sdk=iphoneos*]" = "iPhone Developer";
				INFOPLIST_FILE = OmniScientia/Info.plist;
				LD_RUNPATH_SEARCH_PATHS = "$(inherited) @executable_path/Frameworks";
				PRODUCT_NAME = "$(TARGET_NAME)";
				PROVISIONING_PROFILE = "68c09e2e-6ca2-4a12-861f-9fb05fe020b7";
			};
			name = Debug;
		};
		053CB3681B06132200CCEFA5 /* Release */ = {
			isa = XCBuildConfiguration;
			buildSettings = {
				ASSETCATALOG_COMPILER_APPICON_NAME = AppIcon;
				CODE_SIGN_ENTITLEMENTS = OmniScientia/OmniScientia.entitlements;
				CODE_SIGN_IDENTITY = "iPhone Developer";
				"CODE_SIGN_IDENTITY[sdk=iphoneos*]" = "iPhone Developer";
				INFOPLIST_FILE = OmniScientia/Info.plist;
				LD_RUNPATH_SEARCH_PATHS = "$(inherited) @executable_path/Frameworks";
				PRODUCT_NAME = "$(TARGET_NAME)";
				PROVISIONING_PROFILE = "68c09e2e-6ca2-4a12-861f-9fb05fe020b7";
			};
			name = Release;
		};
		053CB36A1B06132200CCEFA5 /* Debug */ = {
			isa = XCBuildConfiguration;
			buildSettings = {
				BUNDLE_LOADER = "$(TEST_HOST)";
				CODE_SIGN_IDENTITY = "iPhone Developer";
				"CODE_SIGN_IDENTITY[sdk=iphoneos*]" = "iPhone Developer";
				FRAMEWORK_SEARCH_PATHS = (
					"$(SDKROOT)/Developer/Library/Frameworks",
					"$(inherited)",
				);
				GCC_PREPROCESSOR_DEFINITIONS = (
					"DEBUG=1",
					"$(inherited)",
				);
				INFOPLIST_FILE = OmniScientiaTests/Info.plist;
				LD_RUNPATH_SEARCH_PATHS = "$(inherited) @executable_path/Frameworks @loader_path/Frameworks";
				PRODUCT_NAME = "$(TARGET_NAME)";
				PROVISIONING_PROFILE = "";
				TEST_HOST = "$(BUILT_PRODUCTS_DIR)/OmniScientia.app/OmniScientia";
			};
			name = Debug;
		};
		053CB36B1B06132200CCEFA5 /* Release */ = {
			isa = XCBuildConfiguration;
			buildSettings = {
				BUNDLE_LOADER = "$(TEST_HOST)";
				CODE_SIGN_IDENTITY = "iPhone Developer";
				"CODE_SIGN_IDENTITY[sdk=iphoneos*]" = "iPhone Developer";
				FRAMEWORK_SEARCH_PATHS = (
					"$(SDKROOT)/Developer/Library/Frameworks",
					"$(inherited)",
				);
				INFOPLIST_FILE = OmniScientiaTests/Info.plist;
				LD_RUNPATH_SEARCH_PATHS = "$(inherited) @executable_path/Frameworks @loader_path/Frameworks";
				PRODUCT_NAME = "$(TARGET_NAME)";
				PROVISIONING_PROFILE = "";
				TEST_HOST = "$(BUILT_PRODUCTS_DIR)/OmniScientia.app/OmniScientia";
			};
			name = Release;
		};
/* End XCBuildConfiguration section */

/* Begin XCConfigurationList section */
		053CB33F1B06132200CCEFA5 /* Build configuration list for PBXProject "OmniScientia" */ = {
			isa = XCConfigurationList;
			buildConfigurations = (
				053CB3641B06132200CCEFA5 /* Debug */,
				053CB3651B06132200CCEFA5 /* Release */,
			);
			defaultConfigurationIsVisible = 0;
			defaultConfigurationName = Release;
		};
		053CB3661B06132200CCEFA5 /* Build configuration list for PBXNativeTarget "OmniScientia" */ = {
			isa = XCConfigurationList;
			buildConfigurations = (
				053CB3671B06132200CCEFA5 /* Debug */,
				053CB3681B06132200CCEFA5 /* Release */,
			);
			defaultConfigurationIsVisible = 0;
			defaultConfigurationName = Release;
		};
		053CB3691B06132200CCEFA5 /* Build configuration list for PBXNativeTarget "OmniScientiaTests" */ = {
			isa = XCConfigurationList;
			buildConfigurations = (
				053CB36A1B06132200CCEFA5 /* Debug */,
				053CB36B1B06132200CCEFA5 /* Release */,
			);
			defaultConfigurationIsVisible = 0;
			defaultConfigurationName = Release;
		};
/* End XCConfigurationList section */

/* Begin XCVersionGroup section */
		053CB34B1B06132200CCEFA5 /* OmniScientia.xcdatamodeld */ = {
			isa = XCVersionGroup;
			children = (
				053CB34C1B06132200CCEFA5 /* OmniScientia.xcdatamodel */,
			);
			currentVersion = 053CB34C1B06132200CCEFA5 /* OmniScientia.xcdatamodel */;
			path = OmniScientia.xcdatamodeld;
			sourceTree = "<group>";
			versionGroupType = wrapper.xcdatamodel;
		};
/* End XCVersionGroup section */
	};
	rootObject = 053CB33C1B06132200CCEFA5 /* Project object */;
}
